{
  "name": "better-backoff",
  "version": "1.0.1",
  "lockfileVersion": 1,
  "requires": true,
  "dependencies": {
    "@types/jasmine": {
      "version": "3.3.13",
      "resolved": "https://resilientplc.jfrog.io/resilientplc/api/npm/npm/@types/jasmine/-/jasmine-3.3.13.tgz",
      "integrity": "sha1-1dqrsK9HvN3uQFl6z26ARDO6tDk=",
      "dev": true
    },
    "ansi-regex": {
      "version": "2.1.1",
      "resolved": "https://resilientplc.jfrog.io/resilientplc/api/npm/npm/ansi-regex/-/ansi-regex-2.1.1.tgz",
      "integrity": "sha1-w7M6te42DYbg5ijwRorn7yfWVN8=",
      "dev": true
    },
    "ansi-styles": {
      "version": "2.2.1",
      "resolved": "https://resilientplc.jfrog.io/resilientplc/api/npm/npm/ansi-styles/-/ansi-styles-2.2.1.tgz",
      "integrity": "sha1-tDLdM1i2NM914eRmQ2gkBTPB3b4=",
      "dev": true
    },
    "arg": {
      "version": "4.1.0",
      "resolved": "https://resilientplc.jfrog.io/resilientplc/api/npm/npm/arg/-/arg-4.1.0.tgz",
      "integrity": "sha1-WDxRgZlBngA3q7dAYsN/hRnldfA=",
      "dev": true
    },
    "atob": {
      "version": "2.1.2",
      "resolved": "https://resilientplc.jfrog.io/resilientplc/api/npm/npm/atob/-/atob-2.1.2.tgz",
      "integrity": "sha1-bZUX654DDSQ2ZmZR6GvZ9vE1M8k=",
      "dev": true
    },
    "babel-code-frame": {
      "version": "6.26.0",
      "resolved": "https://resilientplc.jfrog.io/resilientplc/api/npm/npm/babel-code-frame/-/babel-code-frame-6.26.0.tgz",
      "integrity": "sha1-Y/1D99weO7fONZR9uP42mj9Yx0s=",
      "dev": true,
      "requires": {
        "chalk": "^1.1.3",
        "esutils": "^2.0.2",
        "js-tokens": "^3.0.2"
      }
    },
    "balanced-match": {
      "version": "1.0.0",
      "resolved": "https://resilientplc.jfrog.io/resilientplc/api/npm/npm/balanced-match/-/balanced-match-1.0.0.tgz",
      "integrity": "sha1-ibTRmasr7kneFk6gK4nORi1xt2c=",
      "dev": true
    },
    "brace-expansion": {
      "version": "1.1.11",
      "resolved": "https://resilientplc.jfrog.io/resilientplc/api/npm/npm/brace-expansion/-/brace-expansion-1.1.11.tgz",
      "integrity": "sha1-PH/L9SnYcibz0vUrlm/1Jx60Qd0=",
      "dev": true,
      "requires": {
        "balanced-match": "^1.0.0",
        "concat-map": "0.0.1"
      }
    },
    "buffer-from": {
      "version": "1.1.1",
      "resolved": "https://resilientplc.jfrog.io/resilientplc/api/npm/npm/buffer-from/-/buffer-from-1.1.1.tgz",
      "integrity": "sha1-MnE7wCj3XAL9txDXx7zsHyxgcO8=",
      "dev": true
    },
    "chalk": {
      "version": "1.1.3",
      "resolved": "https://resilientplc.jfrog.io/resilientplc/api/npm/npm/chalk/-/chalk-1.1.3.tgz",
      "integrity": "sha1-qBFcVeSnAv5NFQq9OHKCKn4J/Jg=",
      "dev": true,
      "requires": {
        "ansi-styles": "^2.2.1",
        "escape-string-regexp": "^1.0.2",
        "has-ansi": "^2.0.0",
        "strip-ansi": "^3.0.0",
        "supports-color": "^2.0.0"
      }
    },
    "colors": {
      "version": "1.3.3",
      "resolved": "https://resilientplc.jfrog.io/resilientplc/api/npm/npm/colors/-/colors-1.3.3.tgz",
      "integrity": "sha1-OeAF1Uav4B4B+cTKj6UPaGoBIF0=",
      "dev": true
    },
    "concat-map": {
      "version": "0.0.1",
      "resolved": "https://resilientplc.jfrog.io/resilientplc/api/npm/npm/concat-map/-/concat-map-0.0.1.tgz",
      "integrity": "sha1-2Klr13/Wjfd5OnMDajug1UBdR3s=",
      "dev": true
    },
    "decode-uri-component": {
      "version": "0.2.0",
      "resolved": "https://resilientplc.jfrog.io/resilientplc/api/npm/npm/decode-uri-component/-/decode-uri-component-0.2.0.tgz",
      "integrity": "sha1-6zkTMzRYd1y4TNGh+uBiEGu4dUU=",
      "dev": true
    },
    "diff": {
      "version": "4.0.1",
      "resolved": "https://resilientplc.jfrog.io/resilientplc/api/npm/npm/diff/-/diff-4.0.1.tgz",
      "integrity": "sha1-DGZ8tGfru1zqfxTxNcwtuneAqP8=",
      "dev": true
    },
    "error-stack-parser": {
      "version": "2.0.2",
      "resolved": "https://resilientplc.jfrog.io/resilientplc/api/npm/npm/error-stack-parser/-/error-stack-parser-2.0.2.tgz",
      "integrity": "sha1-Sujbqiv5CotFBwe5FJ3KvKE1Ug0=",
      "dev": true,
      "requires": {
        "stackframe": "^1.0.4"
      }
    },
    "escape-string-regexp": {
      "version": "1.0.5",
      "resolved": "https://resilientplc.jfrog.io/resilientplc/api/npm/npm/escape-string-regexp/-/escape-string-regexp-1.0.5.tgz",
      "integrity": "sha1-G2HAViGQqN/2rjuyzwIAyhMLhtQ=",
      "dev": true
    },
    "esutils": {
      "version": "2.0.2",
      "resolved": "https://resilientplc.jfrog.io/resilientplc/api/npm/npm/esutils/-/esutils-2.0.2.tgz",
      "integrity": "sha1-Cr9PHKpbyx96nYrMbepPqqBLrJs=",
      "dev": true
    },
    "findup-sync": {
      "version": "0.3.0",
      "resolved": "https://resilientplc.jfrog.io/resilientplc/api/npm/npm/findup-sync/-/findup-sync-0.3.0.tgz",
      "integrity": "sha1-N5MKpdgWt3fANEXhlmzGeQpMCxY=",
      "dev": true,
      "requires": {
        "glob": "~5.0.0"
      },
      "dependencies": {
        "glob": {
          "version": "5.0.15",
          "resolved": "https://resilientplc.jfrog.io/resilientplc/api/npm/npm/glob/-/glob-5.0.15.tgz",
          "integrity": "sha1-G8k2ueAvSmA/zCIuz3Yz0wuLk7E=",
          "dev": true,
          "requires": {
            "inflight": "^1.0.4",
            "inherits": "2",
            "minimatch": "2 || 3",
            "once": "^1.3.0",
            "path-is-absolute": "^1.0.0"
          }
        }
      }
    },
    "fs.realpath": {
      "version": "1.0.0",
      "resolved": "https://resilientplc.jfrog.io/resilientplc/api/npm/npm/fs.realpath/-/fs.realpath-1.0.0.tgz",
      "integrity": "sha1-FQStJSMVjKpA20onh8sBQRmU6k8=",
      "dev": true
    },
    "glob": {
      "version": "7.1.4",
      "resolved": "https://resilientplc.jfrog.io/resilientplc/api/npm/npm/glob/-/glob-7.1.4.tgz",
      "integrity": "sha1-qmCKL2xXetNX4a5aXCbZqNGWklU=",
      "dev": true,
      "requires": {
        "fs.realpath": "^1.0.0",
        "inflight": "^1.0.4",
        "inherits": "2",
        "minimatch": "^3.0.4",
        "once": "^1.3.0",
        "path-is-absolute": "^1.0.0"
      }
    },
    "has-ansi": {
      "version": "2.0.0",
      "resolved": "https://resilientplc.jfrog.io/resilientplc/api/npm/npm/has-ansi/-/has-ansi-2.0.0.tgz",
      "integrity": "sha1-NPUEnOHs3ysGSa8+8k5F7TVBbZE=",
      "dev": true,
      "requires": {
        "ansi-regex": "^2.0.0"
      }
    },
    "inflight": {
      "version": "1.0.6",
      "resolved": "https://resilientplc.jfrog.io/resilientplc/api/npm/npm/inflight/-/inflight-1.0.6.tgz",
      "integrity": "sha1-Sb1jMdfQLQwJvJEKEHW6gWW1bfk=",
      "dev": true,
      "requires": {
        "once": "^1.3.0",
        "wrappy": "1"
      }
    },
    "inherits": {
      "version": "2.0.4",
      "resolved": "https://resilientplc.jfrog.io/resilientplc/api/npm/npm/inherits/-/inherits-2.0.4.tgz",
      "integrity": "sha1-D6LGT5MpF8NDOg3tVTY6rjdBa3w=",
      "dev": true
    },
    "jasmine": {
      "version": "3.4.0",
      "resolved": "https://resilientplc.jfrog.io/resilientplc/api/npm/npm/jasmine/-/jasmine-3.4.0.tgz",
      "integrity": "sha1-D6aJA/8MlpdFnNBEtE9NzvXsi9w=",
      "dev": true,
      "requires": {
        "glob": "^7.1.3",
        "jasmine-core": "~3.4.0"
      }
    },
    "jasmine-core": {
      "version": "3.4.0",
      "resolved": "https://resilientplc.jfrog.io/resilientplc/api/npm/npm/jasmine-core/-/jasmine-core-3.4.0.tgz",
      "integrity": "sha1-KnRhjpZgJlMMNRjwPp+EXSZHPOM=",
      "dev": true
    },
    "jasmine-spec-reporter": {
      "version": "4.2.1",
      "resolved": "https://resilientplc.jfrog.io/resilientplc/api/npm/npm/jasmine-spec-reporter/-/jasmine-spec-reporter-4.2.1.tgz",
      "integrity": "sha1-HWMq7ANBZwrTJPkrqEtLMrNeniI=",
      "dev": true,
      "requires": {
        "colors": "1.1.2"
      },
      "dependencies": {
        "colors": {
          "version": "1.1.2",
          "resolved": "https://resilientplc.jfrog.io/resilientplc/api/npm/npm/colors/-/colors-1.1.2.tgz",
          "integrity": "sha1-FopHAXVran9RoSzgyXv6KMCE7WM=",
          "dev": true
        }
      }
    },
    "jasmine-ts-console-reporter": {
      "version": "3.1.1",
      "resolved": "https://resilientplc.jfrog.io/resilientplc/api/npm/npm/jasmine-ts-console-reporter/-/jasmine-ts-console-reporter-3.1.1.tgz",
      "integrity": "sha1-hs6aVX8wc0MRMJVLZsPGvXfOVu8=",
      "dev": true,
      "requires": {
        "error-stack-parser": "^2.0.1",
        "minimatch": "^3.0.4",
        "source-map": "^0.5.7",
        "source-map-resolve": "^0.5.0"
      },
      "dependencies": {
        "source-map": {
          "version": "0.5.7",
          "resolved": "https://resilientplc.jfrog.io/resilientplc/api/npm/npm/source-map/-/source-map-0.5.7.tgz",
          "integrity": "sha1-igOdLRAh0i0eoUyA2OpGi6LvP8w=",
          "dev": true
        }
      }
    },
    "js-tokens": {
      "version": "3.0.2",
      "resolved": "https://resilientplc.jfrog.io/resilientplc/api/npm/npm/js-tokens/-/js-tokens-3.0.2.tgz",
      "integrity": "sha1-mGbfOVECEw449/mWvOtlRDIJwls=",
      "dev": true
    },
    "make-error": {
      "version": "1.3.5",
      "resolved": "https://resilientplc.jfrog.io/resilientplc/api/npm/npm/make-error/-/make-error-1.3.5.tgz",
      "integrity": "sha1-7+ToH22yjK3WBccPKcgxtY73dsg=",
      "dev": true
    },
    "minimatch": {
      "version": "3.0.4",
      "resolved": "https://resilientplc.jfrog.io/resilientplc/api/npm/npm/minimatch/-/minimatch-3.0.4.tgz",
      "integrity": "sha1-UWbihkV/AzBgZL5Ul+jbsMPTIIM=",
      "dev": true,
      "requires": {
        "brace-expansion": "^1.1.7"
      }
    },
    "minimist": {
      "version": "0.0.10",
      "resolved": "https://resilientplc.jfrog.io/resilientplc/api/npm/npm/minimist/-/minimist-0.0.10.tgz",
      "integrity": "sha1-3j+YVD2/lggr5IrRoMfNqDYwHc8=",
      "dev": true
    },
    "once": {
      "version": "1.4.0",
      "resolved": "https://resilientplc.jfrog.io/resilientplc/api/npm/npm/once/-/once-1.4.0.tgz",
      "integrity": "sha1-WDsap3WWHUsROsF9nFC6753Xa9E=",
      "dev": true,
      "requires": {
        "wrappy": "1"
      }
    },
    "optimist": {
      "version": "0.6.1",
      "resolved": "https://resilientplc.jfrog.io/resilientplc/api/npm/npm/optimist/-/optimist-0.6.1.tgz",
      "integrity": "sha1-2j6nRob6IaGaERwybpDrFaAZZoY=",
      "dev": true,
      "requires": {
        "minimist": "~0.0.1",
        "wordwrap": "~0.0.2"
      }
    },
    "path-is-absolute": {
      "version": "1.0.1",
      "resolved": "https://resilientplc.jfrog.io/resilientplc/api/npm/npm/path-is-absolute/-/path-is-absolute-1.0.1.tgz",
      "integrity": "sha1-F0uSaHNVNP+8es5r9TpanhtcX18=",
      "dev": true
    },
    "path-parse": {
      "version": "1.0.6",
      "resolved": "https://resilientplc.jfrog.io/resilientplc/api/npm/npm/path-parse/-/path-parse-1.0.6.tgz",
      "integrity": "sha1-1i27VnlAXXLEc37FhgDp3c8G0kw=",
      "dev": true
    },
    "resolve": {
      "version": "1.11.1",
      "resolved": "https://resilientplc.jfrog.io/resilientplc/api/npm/npm/resolve/-/resolve-1.11.1.tgz",
      "integrity": "sha1-6hDYEQN2mC/vV434/DC5rDCgej4=",
      "dev": true,
      "requires": {
        "path-parse": "^1.0.6"
      }
    },
    "resolve-url": {
      "version": "0.2.1",
      "resolved": "https://resilientplc.jfrog.io/resilientplc/api/npm/npm/resolve-url/-/resolve-url-0.2.1.tgz",
      "integrity": "sha1-LGN/53yJOv0qZj/iGqkIAGjiBSo=",
      "dev": true
    },
    "source-map": {
      "version": "0.6.1",
      "resolved": "https://resilientplc.jfrog.io/resilientplc/api/npm/npm/source-map/-/source-map-0.6.1.tgz",
      "integrity": "sha1-dHIq8y6WFOnCh6jQu95IteLxomM=",
      "dev": true
    },
    "source-map-resolve": {
      "version": "0.5.2",
      "resolved": "https://resilientplc.jfrog.io/resilientplc/api/npm/npm/source-map-resolve/-/source-map-resolve-0.5.2.tgz",
      "integrity": "sha1-cuLMNAlVQ+Q7LGKyxMENSpBU8lk=",
      "dev": true,
      "requires": {
        "atob": "^2.1.1",
        "decode-uri-component": "^0.2.0",
        "resolve-url": "^0.2.1",
        "source-map-url": "^0.4.0",
        "urix": "^0.1.0"
      }
    },
    "source-map-support": {
      "version": "0.5.12",
      "resolved": "https://resilientplc.jfrog.io/resilientplc/api/npm/npm/source-map-support/-/source-map-support-0.5.12.tgz",
      "integrity": "sha1-tPOxDVGFelrwE4086AA7IBYT1Zk=",
      "dev": true,
      "requires": {
        "buffer-from": "^1.0.0",
        "source-map": "^0.6.0"
      }
    },
    "source-map-url": {
      "version": "0.4.0",
      "resolved": "https://resilientplc.jfrog.io/resilientplc/api/npm/npm/source-map-url/-/source-map-url-0.4.0.tgz",
      "integrity": "sha1-PpNdfd1zYxuXZZlW1VEo6HtQhKM=",
      "dev": true
    },
    "stackframe": {
      "version": "1.0.4",
      "resolved": "https://resilientplc.jfrog.io/resilientplc/api/npm/npm/stackframe/-/stackframe-1.0.4.tgz",
      "integrity": "sha1-NXskqZL5Qny6a1RdlqFO0svKGHs=",
      "dev": true
    },
    "strip-ansi": {
      "version": "3.0.1",
      "resolved": "https://resilientplc.jfrog.io/resilientplc/api/npm/npm/strip-ansi/-/strip-ansi-3.0.1.tgz",
      "integrity": "sha1-ajhfuIU9lS1f8F0Oiq+UJ43GPc8=",
      "dev": true,
      "requires": {
        "ansi-regex": "^2.0.0"
      }
    },
    "supports-color": {
      "version": "2.0.0",
      "resolved": "https://resilientplc.jfrog.io/resilientplc/api/npm/npm/supports-color/-/supports-color-2.0.0.tgz",
      "integrity": "sha1-U10EXOa2Nj+kARcIRimZXp3zJMc=",
      "dev": true
    },
    "ts-lint": {
      "version": "4.5.1",
      "resolved": "https://resilientplc.jfrog.io/resilientplc/api/npm/npm/ts-lint/-/ts-lint-4.5.1.tgz",
      "integrity": "sha1-nCK3t7hitnMk3RvSE6hFwDp/uMA=",
      "dev": true,
      "requires": {
        "babel-code-frame": "^6.20.0",
        "colors": "^1.1.2",
        "diff": "^3.0.1",
        "findup-sync": "~0.3.0",
        "glob": "^7.1.1",
        "optimist": "~0.6.0",
        "resolve": "^1.1.7",
        "tsutils": "^1.1.0"
      },
      "dependencies": {
        "diff": {
          "version": "3.5.0",
          "resolved": "https://resilientplc.jfrog.io/resilientplc/api/npm/npm/diff/-/diff-3.5.0.tgz",
          "integrity": "sha1-gAwN0eCov7yVg1wgKtIg/jF+WhI=",
          "dev": true
        }
      }
    },
    "ts-node": {
      "version": "8.3.0",
      "resolved": "https://resilientplc.jfrog.io/resilientplc/api/npm/npm/ts-node/-/ts-node-8.3.0.tgz",
      "integrity": "sha1-5AWWGEETcZJKH7XzsSWRXzJO+1c=",
      "dev": true,
      "requires": {
        "arg": "^4.1.0",
        "diff": "^4.0.1",
        "make-error": "^1.1.1",
        "source-map-support": "^0.5.6",
        "yn": "^3.0.0"
      }
    },
    "tsutils": {
      "version": "1.9.1",
      "resolved": "https://resilientplc.jfrog.io/resilientplc/api/npm/npm/tsutils/-/tsutils-1.9.1.tgz",
      "integrity": "sha1-ufmrROVa+WgYMdXyjQrur1x1DLA=",
      "dev": true
    },
    "typescript": {
      "version": "3.5.2",
      "resolved": "https://resilientplc.jfrog.io/resilientplc/api/npm/npm/typescript/-/typescript-3.5.2.tgz",
      "integrity": "sha1-oJ4dxpvJVRyt8X26EO5Cz1Xl1Ww=",
      "dev": true
    },
    "urix": {
      "version": "0.1.0",
      "resolved": "https://resilientplc.jfrog.io/resilientplc/api/npm/npm/urix/-/urix-0.1.0.tgz",
      "integrity": "sha1-2pN/emLiH+wf0Y1Js1wpNQZ6bHI=",
      "dev": true
    },
    "wordwrap": {
      "version": "0.0.3",
      "resolved": "https://resilientplc.jfrog.io/resilientplc/api/npm/npm/wordwrap/-/wordwrap-0.0.3.tgz",
      "integrity": "sha1-o9XabNXAvAAI03I0u68b7WMFkQc=",
      "dev": true
    },
    "wrappy": {
      "version": "1.0.2",
      "resolved": "https://resilientplc.jfrog.io/resilientplc/api/npm/npm/wrappy/-/wrappy-1.0.2.tgz",
      "integrity": "sha1-tSQ9jz7BqjXxNkYFvA0QNuMKtp8=",
      "dev": true
    },
    "yn": {
      "version": "3.1.0",
      "resolved": "https://resilientplc.jfrog.io/resilientplc/api/npm/npm/yn/-/yn-3.1.0.tgz",
      "integrity": "sha1-/L4ttjYQNhr8xeueCskel20EYRQ=",
      "dev": true
    }
  }
}
